
Microsoft Visual Studio Solution File, Format Version 12.00
# Visual Studio Version 16
VisualStudioVersion = 16.0.30114.105
MinimumVisualStudioVersion = 10.0.40219.1
Project("{FAE04EC0-301F-11D3-BF4B-00C04F79EFBC}") = "MonoGame.Unity", "Unity\MonoGame.Unity.csproj", "{E3FA8660-CEB9-429E-BF77-A68709C57809}"
EndProject
Project("{2150E333-8FDC-42A3-9474-1A3956D46DE8}") = "MonoGame", "MonoGame", "{874FCE6C-10B5-4808-9F86-E80F5C1C5ED9}"
EndProject
Project("{FAE04EC0-301F-11D3-BF4B-00C04F79EFBC}") = "Seed.MonoGame.Android", "MonoGame\Android\Seed.MonoGame.Android.csproj", "{0BE69C05-43E6-4F7B-86D1-698253296349}"
EndProject
Project("{FAE04EC0-301F-11D3-BF4B-00C04F79EFBC}") = "Seed.MonoGame.GL", "MonoGame\GL\Seed.MonoGame.GL.csproj", "{167ECE0C-0B3A-4298-9236-F9B117A86ECB}"
EndProject
Project("{FAE04EC0-301F-11D3-BF4B-00C04F79EFBC}") = "Seed.MonoGame.iOS", "MonoGame\iOS\Seed.MonoGame.iOS.csproj", "{20CDCEA0-DF55-43C8-A1B4-4E344BC5D434}"
EndProject
Project("{FAE04EC0-301F-11D3-BF4B-00C04F79EFBC}") = "Seed.MonoGame", "MonoGame\Library\Seed.MonoGame.csproj", "{C2499A27-FDA5-40BD-B0AA-63EB093DE00C}"
EndProject
Project("{FAE04EC0-301F-11D3-BF4B-00C04F79EFBC}") = "Seed.MonoGame.Pipeline", "MonoGame\Pipeline\Seed.MonoGame.Pipeline.csproj", "{C202E972-5AB5-47CE-82D7-8B4803D339BB}"
EndProject
Project("{FAE04EC0-301F-11D3-BF4B-00C04F79EFBC}") = "Seed.MonoGame.Resources", "MonoGame\Resources\Seed.MonoGame.Resources.csproj", "{B052DD2E-1B32-4EA9-B225-F1B95A078323}"
EndProject
Global
	GlobalSection(SolutionProperties) = preSolution
		HideSolutionNode = FALSE
	EndGlobalSection
	GlobalSection(SolutionConfigurationPlatforms) = preSolution
		Debug|Any CPU = Debug|Any CPU
		Debug|x64 = Debug|x64
		Debug|x86 = Debug|x86
		Release|Any CPU = Release|Any CPU
		Release|x64 = Release|x64
		Release|x86 = Release|x86
	EndGlobalSection
	GlobalSection(ProjectConfigurationPlatforms) = postSolution
		{E3FA8660-CEB9-429E-BF77-A68709C57809}.Debug|Any CPU.ActiveCfg = Debug|Any CPU
		{E3FA8660-CEB9-429E-BF77-A68709C57809}.Debug|Any CPU.Build.0 = Debug|Any CPU
		{E3FA8660-CEB9-429E-BF77-A68709C57809}.Debug|x64.ActiveCfg = Debug|Any CPU
		{E3FA8660-CEB9-429E-BF77-A68709C57809}.Debug|x64.Build.0 = Debug|Any CPU
		{E3FA8660-CEB9-429E-BF77-A68709C57809}.Debug|x86.ActiveCfg = Debug|Any CPU
		{E3FA8660-CEB9-429E-BF77-A68709C57809}.Debug|x86.Build.0 = Debug|Any CPU
		{E3FA8660-CEB9-429E-BF77-A68709C57809}.Release|Any CPU.ActiveCfg = Release|Any CPU
		{E3FA8660-CEB9-429E-BF77-A68709C57809}.Release|Any CPU.Build.0 = Release|Any CPU
		{E3FA8660-CEB9-429E-BF77-A68709C57809}.Release|x64.ActiveCfg = Release|Any CPU
		{E3FA8660-CEB9-429E-BF77-A68709C57809}.Release|x64.Build.0 = Release|Any CPU
		{E3FA8660-CEB9-429E-BF77-A68709C57809}.Release|x86.ActiveCfg = Release|Any CPU
		{E3FA8660-CEB9-429E-BF77-A68709C57809}.Release|x86.Build.0 = Release|Any CPU
		{0BE69C05-43E6-4F7B-86D1-698253296349}.Debug|Any CPU.ActiveCfg = Debug|Any CPU
		{0BE69C05-43E6-4F7B-86D1-698253296349}.Debug|Any CPU.Build.0 = Debug|Any CPU
		{0BE69C05-43E6-4F7B-86D1-698253296349}.Debug|x64.ActiveCfg = Debug|Any CPU
		{0BE69C05-43E6-4F7B-86D1-698253296349}.Debug|x64.Build.0 = Debug|Any CPU
		{0BE69C05-43E6-4F7B-86D1-698253296349}.Debug|x86.ActiveCfg = Debug|Any CPU
		{0BE69C05-43E6-4F7B-86D1-698253296349}.Debug|x86.Build.0 = Debug|Any CPU
		{0BE69C05-43E6-4F7B-86D1-698253296349}.Release|Any CPU.ActiveCfg = Release|Any CPU
		{0BE69C05-43E6-4F7B-86D1-698253296349}.Release|Any CPU.Build.0 = Release|Any CPU
		{0BE69C05-43E6-4F7B-86D1-698253296349}.Release|x64.ActiveCfg = Release|Any CPU
		{0BE69C05-43E6-4F7B-86D1-698253296349}.Release|x64.Build.0 = Release|Any CPU
		{0BE69C05-43E6-4F7B-86D1-698253296349}.Release|x86.ActiveCfg = Release|Any CPU
		{0BE69C05-43E6-4F7B-86D1-698253296349}.Release|x86.Build.0 = Release|Any CPU
		{167ECE0C-0B3A-4298-9236-F9B117A86ECB}.Debug|Any CPU.ActiveCfg = Debug|Any CPU
		{167ECE0C-0B3A-4298-9236-F9B117A86ECB}.Debug|Any CPU.Build.0 = Debug|Any CPU
		{167ECE0C-0B3A-4298-9236-F9B117A86ECB}.Debug|x64.ActiveCfg = Debug|Any CPU
		{167ECE0C-0B3A-4298-9236-F9B117A86ECB}.Debug|x64.Build.0 = Debug|Any CPU
		{167ECE0C-0B3A-4298-9236-F9B117A86ECB}.Debug|x86.ActiveCfg = Debug|Any CPU
		{167ECE0C-0B3A-4298-9236-F9B117A86ECB}.Debug|x86.Build.0 = Debug|Any CPU
		{167ECE0C-0B3A-4298-9236-F9B117A86ECB}.Release|Any CPU.ActiveCfg = Release|Any CPU
		{167ECE0C-0B3A-4298-9236-F9B117A86ECB}.Release|Any CPU.Build.0 = Release|Any CPU
		{167ECE0C-0B3A-4298-9236-F9B117A86ECB}.Release|x64.ActiveCfg = Release|Any CPU
		{167ECE0C-0B3A-4298-9236-F9B117A86ECB}.Release|x64.Build.0 = Release|Any CPU
		{167ECE0C-0B3A-4298-9236-F9B117A86ECB}.Release|x86.ActiveCfg = Release|Any CPU
		{167ECE0C-0B3A-4298-9236-F9B117A86ECB}.Release|x86.Build.0 = Release|Any CPU
		{20CDCEA0-DF55-43C8-A1B4-4E344BC5D434}.Debug|Any CPU.ActiveCfg = Debug|Any CPU
		{20CDCEA0-DF55-43C8-A1B4-4E344BC5D434}.Debug|Any CPU.Build.0 = Debug|Any CPU
		{20CDCEA0-DF55-43C8-A1B4-4E344BC5D434}.Debug|x64.ActiveCfg = Debug|Any CPU
		{20CDCEA0-DF55-43C8-A1B4-4E344BC5D434}.Debug|x64.Build.0 = Debug|Any CPU
		{20CDCEA0-DF55-43C8-A1B4-4E344BC5D434}.Debug|x86.ActiveCfg = Debug|Any CPU
		{20CDCEA0-DF55-43C8-A1B4-4E344BC5D434}.Debug|x86.Build.0 = Debug|Any CPU
		{20CDCEA0-DF55-43C8-A1B4-4E344BC5D434}.Release|Any CPU.ActiveCfg = Release|Any CPU
		{20CDCEA0-DF55-43C8-A1B4-4E344BC5D434}.Release|Any CPU.Build.0 = Release|Any CPU
		{20CDCEA0-DF55-43C8-A1B4-4E344BC5D434}.Release|x64.ActiveCfg = Release|Any CPU
		{20CDCEA0-DF55-43C8-A1B4-4E344BC5D434}.Release|x64.Build.0 = Release|Any CPU
		{20CDCEA0-DF55-43C8-A1B4-4E344BC5D434}.Release|x86.ActiveCfg = Release|Any CPU
		{20CDCEA0-DF55-43C8-A1B4-4E344BC5D434}.Release|x86.Build.0 = Release|Any CPU
		{C2499A27-FDA5-40BD-B0AA-63EB093DE00C}.Debug|Any CPU.ActiveCfg = Debug|Any CPU
		{C2499A27-FDA5-40BD-B0AA-63EB093DE00C}.Debug|Any CPU.Build.0 = Debug|Any CPU
		{C2499A27-FDA5-40BD-B0AA-63EB093DE00C}.Debug|x64.ActiveCfg = Debug|Any CPU
		{C2499A27-FDA5-40BD-B0AA-63EB093DE00C}.Debug|x64.Build.0 = Debug|Any CPU
		{C2499A27-FDA5-40BD-B0AA-63EB093DE00C}.Debug|x86.ActiveCfg = Debug|Any CPU
		{C2499A27-FDA5-40BD-B0AA-63EB093DE00C}.Debug|x86.Build.0 = Debug|Any CPU
		{C2499A27-FDA5-40BD-B0AA-63EB093DE00C}.Release|Any CPU.ActiveCfg = Release|Any CPU
		{C2499A27-FDA5-40BD-B0AA-63EB093DE00C}.Release|Any CPU.Build.0 = Release|Any CPU
		{C2499A27-FDA5-40BD-B0AA-63EB093DE00C}.Release|x64.ActiveCfg = Release|Any CPU
		{C2499A27-FDA5-40BD-B0AA-63EB093DE00C}.Release|x64.Build.0 = Release|Any CPU
		{C2499A27-FDA5-40BD-B0AA-63EB093DE00C}.Release|x86.ActiveCfg = Release|Any CPU
		{C2499A27-FDA5-40BD-B0AA-63EB093DE00C}.Release|x86.Build.0 = Release|Any CPU
		{C202E972-5AB5-47CE-82D7-8B4803D339BB}.Debug|Any CPU.ActiveCfg = Debug|Any CPU
		{C202E972-5AB5-47CE-82D7-8B4803D339BB}.Debug|Any CPU.Build.0 = Debug|Any CPU
		{C202E972-5AB5-47CE-82D7-8B4803D339BB}.Debug|x64.ActiveCfg = Debug|Any CPU
		{C202E972-5AB5-47CE-82D7-8B4803D339BB}.Debug|x64.Build.0 = Debug|Any CPU
		{C202E972-5AB5-47CE-82D7-8B4803D339BB}.Debug|x86.ActiveCfg = Debug|Any CPU
		{C202E972-5AB5-47CE-82D7-8B4803D339BB}.Debug|x86.Build.0 = Debug|Any CPU
		{C202E972-5AB5-47CE-82D7-8B4803D339BB}.Release|Any CPU.ActiveCfg = Release|Any CPU
		{C202E972-5AB5-47CE-82D7-8B4803D339BB}.Release|Any CPU.Build.0 = Release|Any CPU
		{C202E972-5AB5-47CE-82D7-8B4803D339BB}.Release|x64.ActiveCfg = Release|Any CPU
		{C202E972-5AB5-47CE-82D7-8B4803D339BB}.Release|x64.Build.0 = Release|Any CPU
		{C202E972-5AB5-47CE-82D7-8B4803D339BB}.Release|x86.ActiveCfg = Release|Any CPU
		{C202E972-5AB5-47CE-82D7-8B4803D339BB}.Release|x86.Build.0 = Release|Any CPU
		{B052DD2E-1B32-4EA9-B225-F1B95A078323}.Debug|Any CPU.ActiveCfg = Debug|Any CPU
		{B052DD2E-1B32-4EA9-B225-F1B95A078323}.Debug|Any CPU.Build.0 = Debug|Any CPU
		{B052DD2E-1B32-4EA9-B225-F1B95A078323}.Debug|x64.ActiveCfg = Debug|Any CPU
		{B052DD2E-1B32-4EA9-B225-F1B95A078323}.Debug|x64.Build.0 = Debug|Any CPU
		{B052DD2E-1B32-4EA9-B225-F1B95A078323}.Debug|x86.ActiveCfg = Debug|Any CPU
		{B052DD2E-1B32-4EA9-B225-F1B95A078323}.Debug|x86.Build.0 = Debug|Any CPU
		{B052DD2E-1B32-4EA9-B225-F1B95A078323}.Release|Any CPU.ActiveCfg = Release|Any CPU
		{B052DD2E-1B32-4EA9-B225-F1B95A078323}.Release|Any CPU.Build.0 = Release|Any CPU
		{B052DD2E-1B32-4EA9-B225-F1B95A078323}.Release|x64.ActiveCfg = Release|Any CPU
		{B052DD2E-1B32-4EA9-B225-F1B95A078323}.Release|x64.Build.0 = Release|Any CPU
		{B052DD2E-1B32-4EA9-B225-F1B95A078323}.Release|x86.ActiveCfg = Release|Any CPU
		{B052DD2E-1B32-4EA9-B225-F1B95A078323}.Release|x86.Build.0 = Release|Any CPU
	EndGlobalSection
	GlobalSection(NestedProjects) = preSolution
		{0BE69C05-43E6-4F7B-86D1-698253296349} = {874FCE6C-10B5-4808-9F86-E80F5C1C5ED9}
		{167ECE0C-0B3A-4298-9236-F9B117A86ECB} = {874FCE6C-10B5-4808-9F86-E80F5C1C5ED9}
		{20CDCEA0-DF55-43C8-A1B4-4E344BC5D434} = {874FCE6C-10B5-4808-9F86-E80F5C1C5ED9}
		{C2499A27-FDA5-40BD-B0AA-63EB093DE00C} = {874FCE6C-10B5-4808-9F86-E80F5C1C5ED9}
		{C202E972-5AB5-47CE-82D7-8B4803D339BB} = {874FCE6C-10B5-4808-9F86-E80F5C1C5ED9}
		{B052DD2E-1B32-4EA9-B225-F1B95A078323} = {874FCE6C-10B5-4808-9F86-E80F5C1C5ED9}
	EndGlobalSection
EndGlobal
