
Microsoft Visual Studio Solution File, Format Version 12.00
# Visual Studio Version 17
VisualStudioVersion = 17.1.32414.318
MinimumVisualStudioVersion = 10.0.40219.1
Project("{2150E333-8FDC-42A3-9474-1A3956D46DE8}") = "MonoGame", "MonoGame", "{874FCE6C-10B5-4808-9F86-E80F5C1C5ED9}"
EndProject
Project("{9A19103F-16F7-4668-BE54-9A1E7A4F7556}") = "Seed.MonoGame", "MonoGame\Library\Seed.MonoGame.csproj", "{C2499A27-FDA5-40BD-B0AA-63EB093DE00C}"
EndProject
Project("{9A19103F-16F7-4668-BE54-9A1E7A4F7556}") = "Seed.MonoGame.Pipeline", "MonoGame\Pipeline\Seed.MonoGame.Pipeline.csproj", "{C202E972-5AB5-47CE-82D7-8B4803D339BB}"
EndProject
Project("{9A19103F-16F7-4668-BE54-9A1E7A4F7556}") = "Seed.MonoGame.Resources", "MonoGame\Resources\Seed.MonoGame.Resources.csproj", "{B052DD2E-1B32-4EA9-B225-F1B95A078323}"
EndProject
Project("{9A19103F-16F7-4668-BE54-9A1E7A4F7556}") = "Seed.MonoGame.Wizard", "MonoGame\Wizard\Seed.MonoGame.Wizard.csproj", "{6BDC64A1-8428-4370-8AC7-79F0D0B71B25}"
EndProject
Project("{9A19103F-16F7-4668-BE54-9A1E7A4F7556}") = "Seed", "Seed\Seed.csproj", "{C3A744C8-112B-472E-892F-96E6A66B9195}"
EndProject
Global
	GlobalSection(SolutionConfigurationPlatforms) = preSolution
		Debug|Any CPU = Debug|Any CPU
		Debug|x64 = Debug|x64
		Debug|x86 = Debug|x86
		Release|Any CPU = Release|Any CPU
		Release|x64 = Release|x64
		Release|x86 = Release|x86
	EndGlobalSection
	GlobalSection(ProjectConfigurationPlatforms) = postSolution
		{C2499A27-FDA5-40BD-B0AA-63EB093DE00C}.Debug|Any CPU.ActiveCfg = Debug|Any CPU
		{C2499A27-FDA5-40BD-B0AA-63EB093DE00C}.Debug|Any CPU.Build.0 = Debug|Any CPU
		{C2499A27-FDA5-40BD-B0AA-63EB093DE00C}.Debug|x64.ActiveCfg = Debug|Any CPU
		{C2499A27-FDA5-40BD-B0AA-63EB093DE00C}.Debug|x64.Build.0 = Debug|Any CPU
		{C2499A27-FDA5-40BD-B0AA-63EB093DE00C}.Debug|x86.ActiveCfg = Debug|Any CPU
		{C2499A27-FDA5-40BD-B0AA-63EB093DE00C}.Debug|x86.Build.0 = Debug|Any CPU
		{C2499A27-FDA5-40BD-B0AA-63EB093DE00C}.Release|Any CPU.ActiveCfg = Release|Any CPU
		{C2499A27-FDA5-40BD-B0AA-63EB093DE00C}.Release|Any CPU.Build.0 = Release|Any CPU
		{C2499A27-FDA5-40BD-B0AA-63EB093DE00C}.Release|x64.ActiveCfg = Release|Any CPU
		{C2499A27-FDA5-40BD-B0AA-63EB093DE00C}.Release|x64.Build.0 = Release|Any CPU
		{C2499A27-FDA5-40BD-B0AA-63EB093DE00C}.Release|x86.ActiveCfg = Release|Any CPU
		{C2499A27-FDA5-40BD-B0AA-63EB093DE00C}.Release|x86.Build.0 = Release|Any CPU
		{C202E972-5AB5-47CE-82D7-8B4803D339BB}.Debug|Any CPU.ActiveCfg = Debug|Any CPU
		{C202E972-5AB5-47CE-82D7-8B4803D339BB}.Debug|Any CPU.Build.0 = Debug|Any CPU
		{C202E972-5AB5-47CE-82D7-8B4803D339BB}.Debug|x64.ActiveCfg = Debug|Any CPU
		{C202E972-5AB5-47CE-82D7-8B4803D339BB}.Debug|x64.Build.0 = Debug|Any CPU
		{C202E972-5AB5-47CE-82D7-8B4803D339BB}.Debug|x86.ActiveCfg = Debug|Any CPU
		{C202E972-5AB5-47CE-82D7-8B4803D339BB}.Debug|x86.Build.0 = Debug|Any CPU
		{C202E972-5AB5-47CE-82D7-8B4803D339BB}.Release|Any CPU.ActiveCfg = Release|Any CPU
		{C202E972-5AB5-47CE-82D7-8B4803D339BB}.Release|Any CPU.Build.0 = Release|Any CPU
		{C202E972-5AB5-47CE-82D7-8B4803D339BB}.Release|x64.ActiveCfg = Release|Any CPU
		{C202E972-5AB5-47CE-82D7-8B4803D339BB}.Release|x64.Build.0 = Release|Any CPU
		{C202E972-5AB5-47CE-82D7-8B4803D339BB}.Release|x86.ActiveCfg = Release|Any CPU
		{C202E972-5AB5-47CE-82D7-8B4803D339BB}.Release|x86.Build.0 = Release|Any CPU
		{B052DD2E-1B32-4EA9-B225-F1B95A078323}.Debug|Any CPU.ActiveCfg = Debug|Any CPU
		{B052DD2E-1B32-4EA9-B225-F1B95A078323}.Debug|Any CPU.Build.0 = Debug|Any CPU
		{B052DD2E-1B32-4EA9-B225-F1B95A078323}.Debug|x64.ActiveCfg = Debug|Any CPU
		{B052DD2E-1B32-4EA9-B225-F1B95A078323}.Debug|x64.Build.0 = Debug|Any CPU
		{B052DD2E-1B32-4EA9-B225-F1B95A078323}.Debug|x86.ActiveCfg = Debug|Any CPU
		{B052DD2E-1B32-4EA9-B225-F1B95A078323}.Debug|x86.Build.0 = Debug|Any CPU
		{B052DD2E-1B32-4EA9-B225-F1B95A078323}.Release|Any CPU.ActiveCfg = Release|Any CPU
		{B052DD2E-1B32-4EA9-B225-F1B95A078323}.Release|Any CPU.Build.0 = Release|Any CPU
		{B052DD2E-1B32-4EA9-B225-F1B95A078323}.Release|x64.ActiveCfg = Release|Any CPU
		{B052DD2E-1B32-4EA9-B225-F1B95A078323}.Release|x64.Build.0 = Release|Any CPU
		{B052DD2E-1B32-4EA9-B225-F1B95A078323}.Release|x86.ActiveCfg = Release|Any CPU
		{B052DD2E-1B32-4EA9-B225-F1B95A078323}.Release|x86.Build.0 = Release|Any CPU
		{6BDC64A1-8428-4370-8AC7-79F0D0B71B25}.Debug|Any CPU.ActiveCfg = Debug|Any CPU
		{6BDC64A1-8428-4370-8AC7-79F0D0B71B25}.Debug|Any CPU.Build.0 = Debug|Any CPU
		{6BDC64A1-8428-4370-8AC7-79F0D0B71B25}.Debug|x64.ActiveCfg = Debug|Any CPU
		{6BDC64A1-8428-4370-8AC7-79F0D0B71B25}.Debug|x64.Build.0 = Debug|Any CPU
		{6BDC64A1-8428-4370-8AC7-79F0D0B71B25}.Debug|x86.ActiveCfg = Debug|Any CPU
		{6BDC64A1-8428-4370-8AC7-79F0D0B71B25}.Debug|x86.Build.0 = Debug|Any CPU
		{6BDC64A1-8428-4370-8AC7-79F0D0B71B25}.Release|Any CPU.ActiveCfg = Release|Any CPU
		{6BDC64A1-8428-4370-8AC7-79F0D0B71B25}.Release|Any CPU.Build.0 = Release|Any CPU
		{6BDC64A1-8428-4370-8AC7-79F0D0B71B25}.Release|x64.ActiveCfg = Release|Any CPU
		{6BDC64A1-8428-4370-8AC7-79F0D0B71B25}.Release|x64.Build.0 = Release|Any CPU
		{6BDC64A1-8428-4370-8AC7-79F0D0B71B25}.Release|x86.ActiveCfg = Release|Any CPU
		{6BDC64A1-8428-4370-8AC7-79F0D0B71B25}.Release|x86.Build.0 = Release|Any CPU
		{C3A744C8-112B-472E-892F-96E6A66B9195}.Debug|Any CPU.ActiveCfg = Debug|Any CPU
		{C3A744C8-112B-472E-892F-96E6A66B9195}.Debug|Any CPU.Build.0 = Debug|Any CPU
		{C3A744C8-112B-472E-892F-96E6A66B9195}.Debug|x64.ActiveCfg = Debug|Any CPU
		{C3A744C8-112B-472E-892F-96E6A66B9195}.Debug|x64.Build.0 = Debug|Any CPU
		{C3A744C8-112B-472E-892F-96E6A66B9195}.Debug|x86.ActiveCfg = Debug|Any CPU
		{C3A744C8-112B-472E-892F-96E6A66B9195}.Debug|x86.Build.0 = Debug|Any CPU
		{C3A744C8-112B-472E-892F-96E6A66B9195}.Release|Any CPU.ActiveCfg = Release|Any CPU
		{C3A744C8-112B-472E-892F-96E6A66B9195}.Release|Any CPU.Build.0 = Release|Any CPU
		{C3A744C8-112B-472E-892F-96E6A66B9195}.Release|x64.ActiveCfg = Release|Any CPU
		{C3A744C8-112B-472E-892F-96E6A66B9195}.Release|x64.Build.0 = Release|Any CPU
		{C3A744C8-112B-472E-892F-96E6A66B9195}.Release|x86.ActiveCfg = Release|Any CPU
		{C3A744C8-112B-472E-892F-96E6A66B9195}.Release|x86.Build.0 = Release|Any CPU
	EndGlobalSection
	GlobalSection(SolutionProperties) = preSolution
		HideSolutionNode = FALSE
	EndGlobalSection
	GlobalSection(NestedProjects) = preSolution
		{C2499A27-FDA5-40BD-B0AA-63EB093DE00C} = {874FCE6C-10B5-4808-9F86-E80F5C1C5ED9}
		{C202E972-5AB5-47CE-82D7-8B4803D339BB} = {874FCE6C-10B5-4808-9F86-E80F5C1C5ED9}
		{B052DD2E-1B32-4EA9-B225-F1B95A078323} = {874FCE6C-10B5-4808-9F86-E80F5C1C5ED9}
		{6BDC64A1-8428-4370-8AC7-79F0D0B71B25} = {874FCE6C-10B5-4808-9F86-E80F5C1C5ED9}
	EndGlobalSection
	GlobalSection(ExtensibilityGlobals) = postSolution
		SolutionGuid = {85B925E7-DE0F-4208-A74E-B68E2C801145}
	EndGlobalSection
EndGlobal
